// !$*UTF8*$!
{
	archiveVersion = 1;
	classes = {
	};
	objectVersion = 46;
	objects = {

/* Begin PBXBuildFile section */
		B54E3E601CE39A7D0033CE9E /* main.m in Sources */ = {isa = PBXBuildFile; fileRef = B54E3E5F1CE39A7D0033CE9E /* main.m */; };
		B54E3E631CE39A7D0033CE9E /* AppDelegate.m in Sources */ = {isa = PBXBuildFile; fileRef = B54E3E621CE39A7D0033CE9E /* AppDelegate.m */; };
		B54E3E661CE39A7D0033CE9E /* ViewController.m in Sources */ = {isa = PBXBuildFile; fileRef = B54E3E651CE39A7D0033CE9E /* ViewController.m */; };
		B54E3E691CE39A7D0033CE9E /* Main.storyboard in Resources */ = {isa = PBXBuildFile; fileRef = B54E3E671CE39A7D0033CE9E /* Main.storyboard */; };
		B54E3E6B1CE39A7D0033CE9E /* Assets.xcassets in Resources */ = {isa = PBXBuildFile; fileRef = B54E3E6A1CE39A7D0033CE9E /* Assets.xcassets */; };
		B54E3E6E1CE39A7D0033CE9E /* LaunchScreen.storyboard in Resources */ = {isa = PBXBuildFile; fileRef = B54E3E6C1CE39A7D0033CE9E /* LaunchScreen.storyboard */; };
		B54E3E791CE39A7E0033CE9E /* Magic8BallTests.m in Sources */ = {isa = PBXBuildFile; fileRef = B54E3E781CE39A7E0033CE9E /* Magic8BallTests.m */; };
		B54E3E841CE39A7E0033CE9E /* Magic8BallUITests.m in Sources */ = {isa = PBXBuildFile; fileRef = B54E3E831CE39A7E0033CE9E /* Magic8BallUITests.m */; };
/* End PBXBuildFile section */

/* Begin PBXContainerItemProxy section */
		B54E3E751CE39A7E0033CE9E /* PBXContainerItemProxy */ = {
			isa = PBXContainerItemProxy;
			containerPortal = B54E3E531CE39A7D0033CE9E /* Project object */;
			proxyType = 1;
			remoteGlobalIDString = B54E3E5A1CE39A7D0033CE9E;
			remoteInfo = Magic8Ball;
		};
		B54E3E801CE39A7E0033CE9E /* PBXContainerItemProxy */ = {
			isa = PBXContainerItemProxy;
			containerPortal = B54E3E531CE39A7D0033CE9E /* Project object */;
			proxyType = 1;
			remoteGlobalIDString = B54E3E5A1CE39A7D0033CE9E;
			remoteInfo = Magic8Ball;
		};
/* End PBXContainerItemProxy section */

/* Begin PBXFileReference section */
		B54E3E5B1CE39A7D0033CE9E /* Magic8Ball.app */ = {isa = PBXFileReference; explicitFileType = wrapper.application; includeInIndex = 0; path = Magic8Ball.app; sourceTree = BUILT_PRODUCTS_DIR; };
		B54E3E5F1CE39A7D0033CE9E /* main.m */ = {isa = PBXFileReference; lastKnownFileType = sourcecode.c.objc; path = main.m; sourceTree = "<group>"; };
		B54E3E611CE39A7D0033CE9E /* AppDelegate.h */ = {isa = PBXFileReference; lastKnownFileType = sourcecode.c.h; path = AppDelegate.h; sourceTree = "<group>"; };
		B54E3E621CE39A7D0033CE9E /* AppDelegate.m */ = {isa = PBXFileReference; lastKnownFileType = sourcecode.c.objc; path = AppDelegate.m; sourceTree = "<group>"; };
		B54E3E641CE39A7D0033CE9E /* ViewController.h */ = {isa = PBXFileReference; lastKnownFileType = sourcecode.c.h; path = ViewController.h; sourceTree = "<group>"; };
		B54E3E651CE39A7D0033CE9E /* ViewController.m */ = {isa = PBXFileReference; lastKnownFileType = sourcecode.c.objc; path = ViewController.m; sourceTree = "<group>"; };
		B54E3E681CE39A7D0033CE9E /* Base */ = {isa = PBXFileReference; lastKnownFileType = file.storyboard; name = Base; path = Base.lproj/Main.storyboard; sourceTree = "<group>"; };
		B54E3E6A1CE39A7D0033CE9E /* Assets.xcassets */ = {isa = PBXFileReference; lastKnownFileType = folder.assetcatalog; path = Assets.xcassets; sourceTree = "<group>"; };
		B54E3E6D1CE39A7D0033CE9E /* Base */ = {isa = PBXFileReference; lastKnownFileType = file.storyboard; name = Base; path = Base.lproj/LaunchScreen.storyboard; sourceTree = "<group>"; };
		B54E3E6F1CE39A7D0033CE9E /* Info.plist */ = {isa = PBXFileReference; lastKnownFileType = text.plist.xml; path = Info.plist; sourceTree = "<group>"; };
		B54E3E741CE39A7E0033CE9E /* Magic8BallTests.xctest */ = {isa = PBXFileReference; explicitFileType = wrapper.cfbundle; includeInIndex = 0; path = Magic8BallTests.xctest; sourceTree = BUILT_PRODUCTS_DIR; };
		B54E3E781CE39A7E0033CE9E /* Magic8BallTests.m */ = {isa = PBXFileReference; lastKnownFileType = sourcecode.c.objc; path = Magic8BallTests.m; sourceTree = "<group>"; };
		B54E3E7A1CE39A7E0033CE9E /* Info.plist */ = {isa = PBXFileReference; lastKnownFileType = text.plist.xml; path = Info.plist; sourceTree = "<group>"; };
		B54E3E7F1CE39A7E0033CE9E /* Magic8BallUITests.xctest */ = {isa = PBXFileReference; explicitFileType = wrapper.cfbundle; includeInIndex = 0; path = Magic8BallUITests.xctest; sourceTree = BUILT_PRODUCTS_DIR; };
		B54E3E831CE39A7E0033CE9E /* Magic8BallUITests.m */ = {isa = PBXFileReference; lastKnownFileType = sourcecode.c.objc; path = Magic8BallUITests.m; sourceTree = "<group>"; };
		B54E3E851CE39A7E0033CE9E /* Info.plist */ = {isa = PBXFileReference; lastKnownFileType = text.plist.xml; path = Info.plist; sourceTree = "<group>"; };
/* End PBXFileReference section */

/* Begin PBXFrameworksBuildPhase section */
		B54E3E581CE39A7D0033CE9E /* Frameworks */ = {
			isa = PBXFrameworksBuildPhase;
			buildActionMask = 2147483647;
			files = (
			);
			runOnlyForDeploymentPostprocessing = 0;
		};
		B54E3E711CE39A7E0033CE9E /* Frameworks */ = {
			isa = PBXFrameworksBuildPhase;
			buildActionMask = 2147483647;
			files = (
			);
			runOnlyForDeploymentPostprocessing = 0;
		};
		B54E3E7C1CE39A7E0033CE9E /* Frameworks */ = {
			isa = PBXFrameworksBuildPhase;
			buildActionMask = 2147483647;
			files = (
			);
			runOnlyForDeploymentPostprocessing = 0;
		};
/* End PBXFrameworksBuildPhase section */

/* Begin PBXGroup section */
		B54E3E521CE39A7D0033CE9E = {
			isa = PBXGroup;
			children = (
				B54E3E5D1CE39A7D0033CE9E /* Magic8Ball */,
				B54E3E771CE39A7E0033CE9E /* Magic8BallTests */,
				B54E3E821CE39A7E0033CE9E /* Magic8BallUITests */,
				B54E3E5C1CE39A7D0033CE9E /* Products */,
			);
			sourceTree = "<group>";
		};
		B54E3E5C1CE39A7D0033CE9E /* Products */ = {
			isa = PBXGroup;
			children = (
				B54E3E5B1CE39A7D0033CE9E /* Magic8Ball.app */,
				B54E3E741CE39A7E0033CE9E /* Magic8BallTests.xctest */,
				B54E3E7F1CE39A7E0033CE9E /* Magic8BallUITests.xctest */,
			);
			name = Products;
			sourceTree = "<group>";
		};
		B54E3E5D1CE39A7D0033CE9E /* Magic8Ball */ = {
			isa = PBXGroup;
			children = (
				B54E3E611CE39A7D0033CE9E /* AppDelegate.h */,
				B54E3E621CE39A7D0033CE9E /* AppDelegate.m */,
				B54E3E641CE39A7D0033CE9E /* ViewController.h */,
				B54E3E651CE39A7D0033CE9E /* ViewController.m */,
				B54E3E671CE39A7D0033CE9E /* Main.storyboard */,
				B54E3E6A1CE39A7D0033CE9E /* Assets.xcassets */,
				B54E3E6C1CE39A7D0033CE9E /* LaunchScreen.storyboard */,
				B54E3E6F1CE39A7D0033CE9E /* Info.plist */,
				B54E3E5E1CE39A7D0033CE9E /* Supporting Files */,
			);
			path = Magic8Ball;
			sourceTree = "<group>";
		};
		B54E3E5E1CE39A7D0033CE9E /* Supporting Files */ = {
			isa = PBXGroup;
			children = (
				B54E3E5F1CE39A7D0033CE9E /* main.m */,
			);
			name = "Supporting Files";
			sourceTree = "<group>";
		};
		B54E3E771CE39A7E0033CE9E /* Magic8BallTests */ = {
			isa = PBXGroup;
			children = (
				B54E3E781CE39A7E0033CE9E /* Magic8BallTests.m */,
				B54E3E7A1CE39A7E0033CE9E /* Info.plist */,
			);
			path = Magic8BallTests;
			sourceTree = "<group>";
		};
		B54E3E821CE39A7E0033CE9E /* Magic8BallUITests */ = {
			isa = PBXGroup;
			children = (
				B54E3E831CE39A7E0033CE9E /* Magic8BallUITests.m */,
				B54E3E851CE39A7E0033CE9E /* Info.plist */,
			);
			path = Magic8BallUITests;
			sourceTree = "<group>";
		};
/* End PBXGroup section */

/* Begin PBXNativeTarget section */
		B54E3E5A1CE39A7D0033CE9E /* Magic8Ball */ = {
			isa = PBXNativeTarget;
			buildConfigurationList = B54E3E881CE39A7E0033CE9E /* Build configuration list for PBXNativeTarget "Magic8Ball" */;
			buildPhases = (
				B54E3E571CE39A7D0033CE9E /* Sources */,
				B54E3E581CE39A7D0033CE9E /* Frameworks */,
				B54E3E591CE39A7D0033CE9E /* Resources */,
			);
			buildRules = (
			);
			dependencies = (
			);
			name = Magic8Ball;
			productName = Magic8Ball;
			productReference = B54E3E5B1CE39A7D0033CE9E /* Magic8Ball.app */;
			productType = "com.apple.product-type.application";
		};
		B54E3E731CE39A7E0033CE9E /* Magic8BallTests */ = {
			isa = PBXNativeTarget;
			buildConfigurationList = B54E3E8B1CE39A7E0033CE9E /* Build configuration list for PBXNativeTarget "Magic8BallTests" */;
			buildPhases = (
				B54E3E701CE39A7E0033CE9E /* Sources */,
				B54E3E711CE39A7E0033CE9E /* Frameworks */,
				B54E3E721CE39A7E0033CE9E /* Resources */,
			);
			buildRules = (
			);
			dependencies = (
				B54E3E761CE39A7E0033CE9E /* PBXTargetDependency */,
			);
			name = Magic8BallTests;
			productName = Magic8BallTests;
			productReference = B54E3E741CE39A7E0033CE9E /* Magic8BallTests.xctest */;
			productType = "com.apple.product-type.bundle.unit-test";
		};
		B54E3E7E1CE39A7E0033CE9E /* Magic8BallUITests */ = {
			isa = PBXNativeTarget;
			buildConfigurationList = B54E3E8E1CE39A7E0033CE9E /* Build configuration list for PBXNativeTarget "Magic8BallUITests" */;
			buildPhases = (
				B54E3E7B1CE39A7E0033CE9E /* Sources */,
				B54E3E7C1CE39A7E0033CE9E /* Frameworks */,
				B54E3E7D1CE39A7E0033CE9E /* Resources */,
			);
			buildRules = (
			);
			dependencies = (
				B54E3E811CE39A7E0033CE9E /* PBXTargetDependency */,
			);
			name = Magic8BallUITests;
			productName = Magic8BallUITests;
			productReference = B54E3E7F1CE39A7E0033CE9E /* Magic8BallUITests.xctest */;
			productType = "com.apple.product-type.bundle.ui-testing";
		};
/* End PBXNativeTarget section */

/* Begin PBXProject section */
		B54E3E531CE39A7D0033CE9E /* Project object */ = {
			isa = PBXProject;
			attributes = {
				LastUpgradeCheck = 0730;
				ORGANIZATIONNAME = Favio;
				TargetAttributes = {
					B54E3E5A1CE39A7D0033CE9E = {
						CreatedOnToolsVersion = 7.3;
					};
					B54E3E731CE39A7E0033CE9E = {
						CreatedOnToolsVersion = 7.3;
						TestTargetID = B54E3E5A1CE39A7D0033CE9E;
					};
					B54E3E7E1CE39A7E0033CE9E = {
						CreatedOnToolsVersion = 7.3;
						TestTargetID = B54E3E5A1CE39A7D0033CE9E;
					};
				};
			};
			buildConfigurationList = B54E3E561CE39A7D0033CE9E /* Build configuration list for PBXProject "Magic8Ball" */;
			compatibilityVersion = "Xcode 3.2";
			developmentRegion = English;
			hasScannedForEncodings = 0;
			knownRegions = (
				en,
				Base,
			);
			mainGroup = B54E3E521CE39A7D0033CE9E;
			productRefGroup = B54E3E5C1CE39A7D0033CE9E /* Products */;
			projectDirPath = "";
			projectRoot = "";
			targets = (
				B54E3E5A1CE39A7D0033CE9E /* Magic8Ball */,
				B54E3E731CE39A7E0033CE9E /* Magic8BallTests */,
				B54E3E7E1CE39A7E0033CE9E /* Magic8BallUITests */,
			);
		};
/* End PBXProject section */

/* Begin PBXResourcesBuildPhase section */
		B54E3E591CE39A7D0033CE9E /* Resources */ = {
			isa = PBXResourcesBuildPhase;
			buildActionMask = 2147483647;
			files = (
				B54E3E6E1CE39A7D0033CE9E /* LaunchScreen.storyboard in Resources */,
				B54E3E6B1CE39A7D0033CE9E /* Assets.xcassets in Resources */,
				B54E3E691CE39A7D0033CE9E /* Main.storyboard in Resources */,
			);
			runOnlyForDeploymentPostprocessing = 0;
		};
		B54E3E721CE39A7E0033CE9E /* Resources */ = {
			isa = PBXResourcesBuildPhase;
			buildActionMask = 2147483647;
			files = (
			);
			runOnlyForDeploymentPostprocessing = 0;
		};
		B54E3E7D1CE39A7E0033CE9E /* Resources */ = {
			isa = PBXResourcesBuildPhase;
			buildActionMask = 2147483647;
			files = (
			);
			runOnlyForDeploymentPostprocessing = 0;
		};
/* End PBXResourcesBuildPhase section */

/* Begin PBXSourcesBuildPhase section */
		B54E3E571CE39A7D0033CE9E /* Sources */ = {
			isa = PBXSourcesBuildPhase;
			buildActionMask = 2147483647;
			files = (
				B54E3E661CE39A7D0033CE9E /* ViewController.m in Sources */,
				B54E3E631CE39A7D0033CE9E /* AppDelegate.m in Sources */,
				B54E3E601CE39A7D0033CE9E /* main.m in Sources */,
			);
			runOnlyForDeploymentPostprocessing = 0;
		};
		B54E3E701CE39A7E0033CE9E /* Sources */ = {
			isa = PBXSourcesBuildPhase;
			buildActionMask = 2147483647;
			files = (
				B54E3E791CE39A7E0033CE9E /* Magic8BallTests.m in Sources */,
			);
			runOnlyForDeploymentPostprocessing = 0;
		};
		B54E3E7B1CE39A7E0033CE9E /* Sources */ = {
			isa = PBXSourcesBuildPhase;
			buildActionMask = 2147483647;
			files = (
				B54E3E841CE39A7E0033CE9E /* Magic8BallUITests.m in Sources */,
			);
			runOnlyForDeploymentPostprocessing = 0;
		};
/* End PBXSourcesBuildPhase section */

/* Begin PBXTargetDependency section */
		B54E3E761CE39A7E0033CE9E /* PBXTargetDependency */ = {
			isa = PBXTargetDependency;
			target = B54E3E5A1CE39A7D0033CE9E /* Magic8Ball */;
			targetProxy = B54E3E751CE39A7E0033CE9E /* PBXContainerItemProxy */;
		};
		B54E3E811CE39A7E0033CE9E /* PBXTargetDependency */ = {
			isa = PBXTargetDependency;
			target = B54E3E5A1CE39A7D0033CE9E /* Magic8Ball */;
			targetProxy = B54E3E801CE39A7E0033CE9E /* PBXContainerItemProxy */;
		};
/* End PBXTargetDependency section */

/* Begin PBXVariantGroup section */
		B54E3E671CE39A7D0033CE9E /* Main.storyboard */ = {
			isa = PBXVariantGroup;
			children = (
				B54E3E681CE39A7D0033CE9E /* Base */,
			);
			name = Main.storyboard;
			sourceTree = "<group>";
		};
		B54E3E6C1CE39A7D0033CE9E /* LaunchScreen.storyboard */ = {
			isa = PBXVariantGroup;
			children = (
				B54E3E6D1CE39A7D0033CE9E /* Base */,
			);
			name = LaunchScreen.storyboard;
			sourceTree = "<group>";
		};
/* End PBXVariantGroup section */

/* Begin XCBuildConfiguration section */
		B54E3E861CE39A7E0033CE9E /* Debug */ = {
			isa = XCBuildConfiguration;
			buildSettings = {
				ALWAYS_SEARCH_USER_PATHS = NO;
				CLANG_ANALYZER_NONNULL = YES;
				CLANG_CXX_LANGUAGE_STANDARD = "gnu++0x";
				CLANG_CXX_LIBRARY = "libc++";
				CLANG_ENABLE_MODULES = YES;
				CLANG_ENABLE_OBJC_ARC = YES;
				CLANG_WARN_BOOL_CONVERSION = YES;
				CLANG_WARN_CONSTANT_CONVERSION = YES;
				CLANG_WARN_DIRECT_OBJC_ISA_USAGE = YES_ERROR;
				CLANG_WARN_EMPTY_BODY = YES;
				CLANG_WARN_ENUM_CONVERSION = YES;
				CLANG_WARN_INT_CONVERSION = YES;
				CLANG_WARN_OBJC_ROOT_CLASS = YES_ERROR;
				CLANG_WARN_UNREACHABLE_CODE = YES;
				CLANG_WARN__DUPLICATE_METHOD_MATCH = YES;
				"CODE_SIGN_IDENTITY[sdk=iphoneos*]" = "iPhone Developer";
				COPY_PHASE_STRIP = NO;
				DEBUG_INFORMATION_FORMAT = dwarf;
				ENABLE_STRICT_OBJC_MSGSEND = YES;
				ENABLE_TESTABILITY = YES;
				GCC_C_LANGUAGE_STANDARD = gnu99;
				GCC_DYNAMIC_NO_PIC = NO;
				GCC_NO_COMMON_BLOCKS = YES;
				GCC_OPTIMIZATION_LEVEL = 0;
				GCC_PREPROCESSOR_DEFINITIONS = (
					"DEBUG=1",
					"$(inherited)",
				);
				GCC_WARN_64_TO_32_BIT_CONVERSION = YES;
				GCC_WARN_ABOUT_RETURN_TYPE = YES_ERROR;
				GCC_WARN_UNDECLARED_SELECTOR = YES;
				GCC_WARN_UNINITIALIZED_AUTOS = YES_AGGRESSIVE;
				GCC_WARN_UNUSED_FUNCTION = YES;
				GCC_WARN_UNUSED_VARIABLE = YES;
				IPHONEOS_DEPLOYMENT_TARGET = 9.3;
				MTL_ENABLE_DEBUG_INFO = YES;
				ONLY_ACTIVE_ARCH = YES;
				SDKROOT = iphoneos;
				TARGETED_DEVICE_FAMILY = "1,2";
			};
			name = Debug;
		};
		B54E3E871CE39A7E0033CE9E /* Release */ = {
			isa = XCBuildConfiguration;
			buildSettings = {
				ALWAYS_SEARCH_USER_PATHS = NO;
				CLANG_ANALYZER_NONNULL = YES;
				CLANG_CXX_LANGUAGE_STANDARD = "gnu++0x";
				CLANG_CXX_LIBRARY = "libc++";
				CLANG_ENABLE_MODULES = YES;
				CLANG_ENABLE_OBJC_ARC = YES;
				CLANG_WARN_BOOL_CONVERSION = YES;
				CLANG_WARN_CONSTANT_CONVERSION = YES;
				CLANG_WARN_DIRECT_OBJC_ISA_USAGE = YES_ERROR;
				CLANG_WARN_EMPTY_BODY = YES;
				CLANG_WARN_ENUM_CONVERSION = YES;
				CLANG_WARN_INT_CONVERSION = YES;
				CLANG_WARN_OBJC_ROOT_CLASS = YES_ERROR;
				CLANG_WARN_UNREACHABLE_CODE = YES;
				CLANG_WARN__DUPLICATE_METHOD_MATCH = YES;
				"CODE_SIGN_IDENTITY[sdk=iphoneos*]" = "iPhone Developer";
				COPY_PHASE_STRIP = NO;
				DEBUG_INFORMATION_FORMAT = "dwarf-with-dsym";
				ENABLE_NS_ASSERTIONS = NO;
				ENABLE_STRICT_OBJC_MSGSEND = YES;
				GCC_C_LANGUAGE_STANDARD = gnu99;
				GCC_NO_COMMON_BLOCKS = YES;
				GCC_WARN_64_TO_32_BIT_CONVERSION = YES;
				GCC_WARN_ABOUT_RETURN_TYPE = YES_ERROR;
				GCC_WARN_UNDECLARED_SELECTOR = YES;
				GCC_WARN_UNINITIALIZED_AUTOS = YES_AGGRESSIVE;
				GCC_WARN_UNUSED_FUNCTION = YES;
				GCC_WARN_UNUSED_VARIABLE = YES;
				IPHONEOS_DEPLOYMENT_TARGET = 9.3;
				MTL_ENABLE_DEBUG_INFO = NO;
				SDKROOT = iphoneos;
				TARGETED_DEVICE_FAMILY = "1,2";
				VALIDATE_PRODUCT = YES;
			};
			name = Release;
		};
		B54E3E891CE39A7E0033CE9E /* Debug */ = {
			isa = XCBuildConfiguration;
			buildSettings = {
				ASSETCATALOG_COMPILER_APPICON_NAME = AppIcon;
				INFOPLIST_FILE = Magic8Ball/Info.plist;
				LD_RUNPATH_SEARCH_PATHS = "$(inherited) @executable_path/Frameworks";
				PRODUCT_BUNDLE_IDENTIFIER = EPITA.Magic8Ball;
				PRODUCT_NAME = "$(TARGET_NAME)";
			};
			name = Debug;
		};
		B54E3E8A1CE39A7E0033CE9E /* Release */ = {
			isa = XCBuildConfiguration;
			buildSettings = {
				ASSETCATALOG_COMPILER_APPICON_NAME = AppIcon;
				INFOPLIST_FILE = Magic8Ball/Info.plist;
				LD_RUNPATH_SEARCH_PATHS = "$(inherited) @executable_path/Frameworks";
				PRODUCT_BUNDLE_IDENTIFIER = EPITA.Magic8Ball;
				PRODUCT_NAME = "$(TARGET_NAME)";
			};
			name = Release;
		};
		B54E3E8C1CE39A7E0033CE9E /* Debug */ = {
			isa = XCBuildConfiguration;
			buildSettings = {
				BUNDLE_LOADER = "$(TEST_HOST)";
				INFOPLIST_FILE = Magic8BallTests/Info.plist;
				LD_RUNPATH_SEARCH_PATHS = "$(inherited) @executable_path/Frameworks @loader_path/Frameworks";
				PRODUCT_BUNDLE_IDENTIFIER = EPITA.Magic8BallTests;
				PRODUCT_NAME = "$(TARGET_NAME)";
				TEST_HOST = "$(BUILT_PRODUCTS_DIR)/Magic8Ball.app/Magic8Ball";
			};
			name = Debug;
		};
		B54E3E8D1CE39A7E0033CE9E /* Release */ = {
			isa = XCBuildConfiguration;
			buildSettings = {
				BUNDLE_LOADER = "$(TEST_HOST)";
				INFOPLIST_FILE = Magic8BallTests/Info.plist;
				LD_RUNPATH_SEARCH_PATHS = "$(inherited) @executable_path/Frameworks @loader_path/Frameworks";
				PRODUCT_BUNDLE_IDENTIFIER = EPITA.Magic8BallTests;
				PRODUCT_NAME = "$(TARGET_NAME)";
				TEST_HOST = "$(BUILT_PRODUCTS_DIR)/Magic8Ball.app/Magic8Ball";
			};
			name = Release;
		};
		B54E3E8F1CE39A7E0033CE9E /* Debug */ = {
			isa = XCBuildConfiguration;
			buildSettings = {
				INFOPLIST_FILE = Magic8BallUITests/Info.plist;
				LD_RUNPATH_SEARCH_PATHS = "$(inherited) @executable_path/Frameworks @loader_path/Frameworks";
				PRODUCT_BUNDLE_IDENTIFIER = EPITA.Magic8BallUITests;
				PRODUCT_NAME = "$(TARGET_NAME)";
				TEST_TARGET_NAME = Magic8Ball;
			};
			name = Debug;
		};
		B54E3E901CE39A7E0033CE9E /* Release */ = {
			isa = XCBuildConfiguration;
			buildSettings = {
				INFOPLIST_FILE = Magic8BallUITests/Info.plist;
				LD_RUNPATH_SEARCH_PATHS = "$(inherited) @executable_path/Frameworks @loader_path/Frameworks";
				PRODUCT_BUNDLE_IDENTIFIER = EPITA.Magic8BallUITests;
				PRODUCT_NAME = "$(TARGET_NAME)";
				TEST_TARGET_NAME = Magic8Ball;
			};
			name = Release;
		};
/* End XCBuildConfiguration section */

/* Begin XCConfigurationList section */
		B54E3E561CE39A7D0033CE9E /* Build configuration list for PBXProject "Magic8Ball" */ = {
			isa = XCConfigurationList;
			buildConfigurations = (
				B54E3E861CE39A7E0033CE9E /* Debug */,
				B54E3E871CE39A7E0033CE9E /* Release */,
			);
			defaultConfigurationIsVisible = 0;
			defaultConfigurationName = Release;
		};
		B54E3E881CE39A7E0033CE9E /* Build configuration list for PBXNativeTarget "Magic8Ball" */ = {
			isa = XCConfigurationList;
			buildConfigurations = (
				B54E3E891CE39A7E0033CE9E /* Debug */,
				B54E3E8A1CE39A7E0033CE9E /* Release */,
			);
			defaultConfigurationIsVisible = 0;
		};
		B54E3E8B1CE39A7E0033CE9E /* Build configuration list for PBXNativeTarget "Magic8BallTests" */ = {
			isa = XCConfigurationList;
			buildConfigurations = (
				B54E3E8C1CE39A7E0033CE9E /* Debug */,
				B54E3E8D1CE39A7E0033CE9E /* Release */,
			);
			defaultConfigurationIsVisible = 0;
		};
		B54E3E8E1CE39A7E0033CE9E /* Build configuration list for PBXNativeTarget "Magic8BallUITests" */ = {
			isa = XCConfigurationList;
			buildConfigurations = (
				B54E3E8F1CE39A7E0033CE9E /* Debug */,
				B54E3E901CE39A7E0033CE9E /* Release */,
			);
			defaultConfigurationIsVisible = 0;
		};
/* End XCConfigurationList section */
	};
	rootObject = B54E3E531CE39A7D0033CE9E /* Project object */;
}
